
Microsoft Visual Studio Solution File, Format Version 12.00
# Visual Studio Version 16
VisualStudioVersion = 16.0.29806.167
MinimumVisualStudioVersion = 10.0.40219.1
Project("{FAE04EC0-301F-11D3-BF4B-00C04F79EFBC}") = "BankingTests", "BankingTests\BankingTests.csproj", "{FBA159A4-E224-4178-956B-121366141B5D}"
EndProject
Project("{FAE04EC0-301F-11D3-BF4B-00C04F79EFBC}") = "BankingDomain", "BankingDomain\BankingDomain.csproj", "{04ABC879-3828-4541-BA6D-9F4A8171E0C7}"
EndProject
Global
	GlobalSection(SolutionConfigurationPlatforms) = preSolution
		Debug|Any CPU = Debug|Any CPU
		Release|Any CPU = Release|Any CPU
	EndGlobalSection
	GlobalSection(ProjectConfigurationPlatforms) = postSolution
		{FBA159A4-E224-4178-956B-121366141B5D}.Debug|Any CPU.ActiveCfg = Debug|Any CPU
		{FBA159A4-E224-4178-956B-121366141B5D}.Debug|Any CPU.Build.0 = Debug|Any CPU
		{FBA159A4-E224-4178-956B-121366141B5D}.Release|Any CPU.ActiveCfg = Release|Any CPU
		{FBA159A4-E224-4178-956B-121366141B5D}.Release|Any CPU.Build.0 = Release|Any CPU
		{04ABC879-3828-4541-BA6D-9F4A8171E0C7}.Debug|Any CPU.ActiveCfg = Debug|Any CPU
		{04ABC879-3828-4541-BA6D-9F4A8171E0C7}.Debug|Any CPU.Build.0 = Debug|Any CPU
		{04ABC879-3828-4541-BA6D-9F4A8171E0C7}.Release|Any CPU.ActiveCfg = Release|Any CPU
		{04ABC879-3828-4541-BA6D-9F4A8171E0C7}.Release|Any CPU.Build.0 = Release|Any CPU
	EndGlobalSection
	GlobalSection(SolutionProperties) = preSolution
		HideSolutionNode = FALSE
	EndGlobalSection
	GlobalSection(ExtensibilityGlobals) = postSolution
		SolutionGuid = {77DCB97C-DB3B-446F-B123-31FB7CC64977}
	EndGlobalSection
EndGlobal
